
Microsoft Visual Studio Solution File, Format Version 12.00
# Visual Studio 2012
Project("{8BC9CEB8-8B4A-11D0-8D11-00A0C91BC942}") = "Workshop 4", "Workshop 4.vcxproj", "{82ED3AB0-5BEA-40BA-A155-A7948C0474A3}"
EndProject
Project("{8BC9CEB8-8B4A-11D0-8D11-00A0C91BC942}") = "BasicProgram", "BasicProgram.vcxproj", "{E0F0F355-F4FB-4605-9180-F00160F0CF13}"
EndProject
Global
	GlobalSection(SolutionConfigurationPlatforms) = preSolution
		Debug|Win32 = Debug|Win32
		Release|Win32 = Release|Win32
	EndGlobalSection
	GlobalSection(ProjectConfigurationPlatforms) = postSolution
		{82ED3AB0-5BEA-40BA-A155-A7948C0474A3}.Debug|Win32.ActiveCfg = Debug|Win32
		{82ED3AB0-5BEA-40BA-A155-A7948C0474A3}.Debug|Win32.Build.0 = Debug|Win32
		{82ED3AB0-5BEA-40BA-A155-A7948C0474A3}.Release|Win32.ActiveCfg = Release|Win32
		{82ED3AB0-5BEA-40BA-A155-A7948C0474A3}.Release|Win32.Build.0 = Release|Win32
		{E0F0F355-F4FB-4605-9180-F00160F0CF13}.Debug|Win32.ActiveCfg = Debug|Win32
		{E0F0F355-F4FB-4605-9180-F00160F0CF13}.Debug|Win32.Build.0 = Debug|Win32
		{E0F0F355-F4FB-4605-9180-F00160F0CF13}.Release|Win32.ActiveCfg = Release|Win32
		{E0F0F355-F4FB-4605-9180-F00160F0CF13}.Release|Win32.Build.0 = Release|Win32
	EndGlobalSection
	GlobalSection(SolutionProperties) = preSolution
		HideSolutionNode = FALSE
	EndGlobalSection
EndGlobal
